// !$*UTF8*$!
{
	archiveVersion = 1;
	classes = {
	};
	objectVersion = 51;
	objects = {

/* Begin PBXBuildFile section */
		0B042827C90CFACA6A674EFD /* Pods_Gosio_GosioUITests.framework in Frameworks */ = {isa = PBXBuildFile; fileRef = 427612BCCF6048BB813A12DD /* Pods_Gosio_GosioUITests.framework */; };
		3602BEA825EBD0600014DD16 /* GoalNameVC.swift in Sources */ = {isa = PBXBuildFile; fileRef = 3602BEA725EBD0600014DD16 /* GoalNameVC.swift */; };
		3602BEB425EBD07E0014DD16 /* GoalAmountVC.swift in Sources */ = {isa = PBXBuildFile; fileRef = 3602BEB325EBD07E0014DD16 /* GoalAmountVC.swift */; };
		3602BEB925EBD0890014DD16 /* GoalDeadlineVC.swift in Sources */ = {isa = PBXBuildFile; fileRef = 3602BEB825EBD0890014DD16 /* GoalDeadlineVC.swift */; };
		3602BECD25EBDB0B0014DD16 /* Manager.swift in Sources */ = {isa = PBXBuildFile; fileRef = 3602BECC25EBDB0B0014DD16 /* Manager.swift */; };
		360CD43225EE700200A7D72B /* AppThemeVC.swift in Sources */ = {isa = PBXBuildFile; fileRef = 360CD43125EE700200A7D72B /* AppThemeVC.swift */; };
		360CD44225EE759000A7D72B /* AppIconVC.swift in Sources */ = {isa = PBXBuildFile; fileRef = 360CD44125EE759000A7D72B /* AppIconVC.swift */; };
		360CD44B25EE789E00A7D72B /* AppIconService.swift in Sources */ = {isa = PBXBuildFile; fileRef = 360CD44A25EE789E00A7D72B /* AppIconService.swift */; };
		360DD6F025EB66D700636EBD /* DashboardVC.swift in Sources */ = {isa = PBXBuildFile; fileRef = 360DD6EF25EB66D700636EBD /* DashboardVC.swift */; };
		360DD73125EB815400636EBD /* PresentationController.swift in Sources */ = {isa = PBXBuildFile; fileRef = 360DD73025EB815400636EBD /* PresentationController.swift */; };
		360DD73925EB817A00636EBD /* MenuView.xib in Resources */ = {isa = PBXBuildFile; fileRef = 360DD73825EB817A00636EBD /* MenuView.xib */; };
		360DD73E25EB81F700636EBD /* MenuView.swift in Sources */ = {isa = PBXBuildFile; fileRef = 360DD73D25EB81F700636EBD /* MenuView.swift */; };
		3627646E25F9488B00A55834 /* AnimatedView.swift in Sources */ = {isa = PBXBuildFile; fileRef = 3627646D25F9488B00A55834 /* AnimatedView.swift */; };
		3627647325F9503600A55834 /* UIImage+Gif.swift in Sources */ = {isa = PBXBuildFile; fileRef = 3627647225F9503600A55834 /* UIImage+Gif.swift */; };
		3627647825F9505000A55834 /* CustomLoader.swift in Sources */ = {isa = PBXBuildFile; fileRef = 3627647725F9505000A55834 /* CustomLoader.swift */; };
		3627647D25F9513A00A55834 /* loader.gif in Resources */ = {isa = PBXBuildFile; fileRef = 3627647C25F9513900A55834 /* loader.gif */; };
		362E737525EAAC4E00C06078 /* AppDelegate.swift in Sources */ = {isa = PBXBuildFile; fileRef = 362E737425EAAC4E00C06078 /* AppDelegate.swift */; };
		362E737725EAAC4E00C06078 /* SceneDelegate.swift in Sources */ = {isa = PBXBuildFile; fileRef = 362E737625EAAC4E00C06078 /* SceneDelegate.swift */; };
		362E737925EAAC4E00C06078 /* OnboardingVC.swift in Sources */ = {isa = PBXBuildFile; fileRef = 362E737825EAAC4E00C06078 /* OnboardingVC.swift */; };
		362E737C25EAAC4E00C06078 /* Main.storyboard in Resources */ = {isa = PBXBuildFile; fileRef = 362E737A25EAAC4E00C06078 /* Main.storyboard */; };
		362E737F25EAAC4E00C06078 /* Gosio.xcdatamodeld in Sources */ = {isa = PBXBuildFile; fileRef = 362E737D25EAAC4E00C06078 /* Gosio.xcdatamodeld */; };
		362E738125EAAC5100C06078 /* Assets.xcassets in Resources */ = {isa = PBXBuildFile; fileRef = 362E738025EAAC5100C06078 /* Assets.xcassets */; };
		362E738425EAAC5100C06078 /* LaunchScreen.storyboard in Resources */ = {isa = PBXBuildFile; fileRef = 362E738225EAAC5100C06078 /* LaunchScreen.storyboard */; };
		362E738F25EAAC5200C06078 /* GosioTests.swift in Sources */ = {isa = PBXBuildFile; fileRef = 362E738E25EAAC5200C06078 /* GosioTests.swift */; };
		362E739A25EAAC5200C06078 /* GosioUITests.swift in Sources */ = {isa = PBXBuildFile; fileRef = 362E739925EAAC5200C06078 /* GosioUITests.swift */; };
		3636FB3525EE7B3D005A25EC /* White.png in Resources */ = {isa = PBXBuildFile; fileRef = 3636FB3425EE7B3C005A25EC /* White.png */; };
		3636FB4125EE9403005A25EC /* PrivacyPolicyVC.swift in Sources */ = {isa = PBXBuildFile; fileRef = 3636FB4025EE9403005A25EC /* PrivacyPolicyVC.swift */; };
		3636FB4625EE940D005A25EC /* TermsOfUseVC.swift in Sources */ = {isa = PBXBuildFile; fileRef = 3636FB4525EE940D005A25EC /* TermsOfUseVC.swift */; };
		3636FB4B25EE9A00005A25EC /* Default.png in Resources */ = {isa = PBXBuildFile; fileRef = 3636FB4A25EE9A00005A25EC /* Default.png */; };
		36404CB525ECA65B00C5A188 /* FadingTableView.swift in Sources */ = {isa = PBXBuildFile; fileRef = 36404CB425ECA65B00C5A188 /* FadingTableView.swift */; };
		36404CC825ED033100C5A188 /* Zip6Sequence.swift in Sources */ = {isa = PBXBuildFile; fileRef = 36404CC725ED033100C5A188 /* Zip6Sequence.swift */; };
		364EB91225EDFCB200E14444 /* attributedFontExtention.swift in Sources */ = {isa = PBXBuildFile; fileRef = 364EB91125EDFCB200E14444 /* attributedFontExtention.swift */; };
		364F35AB25EB5E6E007E7996 /* LoginVC.swift in Sources */ = {isa = PBXBuildFile; fileRef = 364F35AA25EB5E6E007E7996 /* LoginVC.swift */; };
		364F35B425EB5E84007E7996 /* AuthState.swift in Sources */ = {isa = PBXBuildFile; fileRef = 364F35B325EB5E84007E7996 /* AuthState.swift */; };
		364F35B925EB5E96007E7996 /* SignInWithAppleManager.swift in Sources */ = {isa = PBXBuildFile; fileRef = 364F35B825EB5E96007E7996 /* SignInWithAppleManager.swift */; };
		364F35BE25EB5ECB007E7996 /* UserDefaults.swift in Sources */ = {isa = PBXBuildFile; fileRef = 364F35BD25EB5ECB007E7996 /* UserDefaults.swift */; };
		364F35C325EB5F39007E7996 /* CheatSheet.swift in Sources */ = {isa = PBXBuildFile; fileRef = 364F35C225EB5F39007E7996 /* CheatSheet.swift */; };
		365DAE1E25F20839004AAABC /* CoreDataServices.swift in Sources */ = {isa = PBXBuildFile; fileRef = 365DAE1D25F20839004AAABC /* CoreDataServices.swift */; };
		36637CF025F37DC900A1F1A9 /* MoreAppsbyAnkitYadavVC.swift in Sources */ = {isa = PBXBuildFile; fileRef = 36637CEF25F37DC900A1F1A9 /* MoreAppsbyAnkitYadavVC.swift */; };
		36785D7825F111D3000DA319 /* BalloonPickerView.swift in Sources */ = {isa = PBXBuildFile; fileRef = 36785D7725F111D3000DA319 /* BalloonPickerView.swift */; };
		36785D7925F111D3000DA319 /* BalloonView.swift in Sources */ = {isa = PBXBuildFile; fileRef = 36785D7525F111D2000DA319 /* BalloonView.swift */; };
		36785D7A25F111D3000DA319 /* ThumbView.swift in Sources */ = {isa = PBXBuildFile; fileRef = 36785D7425F111D2000DA319 /* ThumbView.swift */; };
		36785D7B25F111D3000DA319 /* TrackLayer.swift in Sources */ = {isa = PBXBuildFile; fileRef = 36785D7625F111D3000DA319 /* TrackLayer.swift */; };
		367FECE225EE172C007F116B /* SettingsVC.swift in Sources */ = {isa = PBXBuildFile; fileRef = 367FECE125EE172C007F116B /* SettingsVC.swift */; };
		367FECEA25EE21DF007F116B /* AddToSiriVC.swift in Sources */ = {isa = PBXBuildFile; fileRef = 367FECE925EE21DF007F116B /* AddToSiriVC.swift */; };
		367FECF025EE22CA007F116B /* Intents.intentdefinition in Sources */ = {isa = PBXBuildFile; fileRef = 367FECEF25EE22CA007F116B /* Intents.intentdefinition */; };
		367FECF525EE22F8007F116B /* UserActivityType.swift in Sources */ = {isa = PBXBuildFile; fileRef = 367FECF425EE22F8007F116B /* UserActivityType.swift */; };
		367FED0725EE5ED5007F116B /* CurrencyVC.swift in Sources */ = {isa = PBXBuildFile; fileRef = 367FED0625EE5ED5007F116B /* CurrencyVC.swift */; };
		367FED0C25EE5F06007F116B /* CurrencyModel.swift in Sources */ = {isa = PBXBuildFile; fileRef = 367FED0B25EE5F06007F116B /* CurrencyModel.swift */; };
		367FED1625EE604D007F116B /* zip3sequence.swift in Sources */ = {isa = PBXBuildFile; fileRef = 367FED1525EE604D007F116B /* zip3sequence.swift */; };
		368D369625F4C3DE00D5928D /* IAPProduct.swift in Sources */ = {isa = PBXBuildFile; fileRef = 368D369525F4C3DE00D5928D /* IAPProduct.swift */; };
		368D369B25F4C41600D5928D /* IAPService.swift in Sources */ = {isa = PBXBuildFile; fileRef = 368D369A25F4C41600D5928D /* IAPService.swift */; };
		368D36A025F4C45500D5928D /* InAppPurchasesVC.swift in Sources */ = {isa = PBXBuildFile; fileRef = 368D369F25F4C45500D5928D /* InAppPurchasesVC.swift */; };
		368D36A925F4CDBA00D5928D /* StoreKit.framework in Frameworks */ = {isa = PBXBuildFile; fileRef = 368D36A825F4CDBA00D5928D /* StoreKit.framework */; };
		36960CAC25EFF3B400946619 /* textFieldMaxLength.swift in Sources */ = {isa = PBXBuildFile; fileRef = 36960CAB25EFF3B400946619 /* textFieldMaxLength.swift */; };
		36B7643D25F39C110017AC35 /* PaperOnboarding.swift in Sources */ = {isa = PBXBuildFile; fileRef = 36B7643A25F39C100017AC35 /* PaperOnboarding.swift */; };
		36B7643E25F39C110017AC35 /* PaperOnboardingDataSource.swift in Sources */ = {isa = PBXBuildFile; fileRef = 36B7643B25F39C110017AC35 /* PaperOnboardingDataSource.swift */; };
		36B7643F25F39C110017AC35 /* PaperOnboardingDelegate.swift in Sources */ = {isa = PBXBuildFile; fileRef = 36B7643C25F39C110017AC35 /* PaperOnboardingDelegate.swift */; };
		36B7644B25F39C320017AC35 /* PageView.swift in Sources */ = {isa = PBXBuildFile; fileRef = 36B7644A25F39C320017AC35 /* PageView.swift */; };
		36B7645525F39C530017AC35 /* PageContainer.swift in Sources */ = {isa = PBXBuildFile; fileRef = 36B7645425F39C530017AC35 /* PageContainer.swift */; };
		36B7645A25F39C590017AC35 /* PageViewItem.swift in Sources */ = {isa = PBXBuildFile; fileRef = 36B7645925F39C590017AC35 /* PageViewItem.swift */; };
		36B7646125F39C7B0017AC35 /* OnboardingContentView.swift in Sources */ = {isa = PBXBuildFile; fileRef = 36B7645F25F39C7A0017AC35 /* OnboardingContentView.swift */; };
		36B7646225F39C7B0017AC35 /* OnboardingContantViewItem.swift in Sources */ = {isa = PBXBuildFile; fileRef = 36B7646025F39C7B0017AC35 /* OnboardingContantViewItem.swift */; };
		36B7646925F39C9C0017AC35 /* Configuring.swift in Sources */ = {isa = PBXBuildFile; fileRef = 36B7646825F39C9C0017AC35 /* Configuring.swift */; };
		36B7646A25F39C9C0017AC35 /* ConstraintsHelper.swift in Sources */ = {isa = PBXBuildFile; fileRef = 36B7646725F39C9B0017AC35 /* ConstraintsHelper.swift */; };
		36B7647025F39CB60017AC35 /* GestureControl.swift in Sources */ = {isa = PBXBuildFile; fileRef = 36B7646F25F39CB60017AC35 /* GestureControl.swift */; };
		36B7647625F39CC70017AC35 /* FillAnimationView.swift in Sources */ = {isa = PBXBuildFile; fileRef = 36B7647525F39CC70017AC35 /* FillAnimationView.swift */; };
		36B7649325F3A6840017AC35 /* Slide.swift in Sources */ = {isa = PBXBuildFile; fileRef = 36B7649225F3A6840017AC35 /* Slide.swift */; };
		36B7649825F3A68B0017AC35 /* Slide.xib in Resources */ = {isa = PBXBuildFile; fileRef = 36B7649725F3A68B0017AC35 /* Slide.xib */; };
		36B7649D25F3A7330017AC35 /* OnboardingState.swift in Sources */ = {isa = PBXBuildFile; fileRef = 36B7649C25F3A7320017AC35 /* OnboardingState.swift */; };
		36D95DDD25EFA33200692411 /* GoalExpandVC.swift in Sources */ = {isa = PBXBuildFile; fileRef = 36D95DDC25EFA33200692411 /* GoalExpandVC.swift */; };
		36D95DEA25EFAA9100692411 /* GoalDataModel.swift in Sources */ = {isa = PBXBuildFile; fileRef = 36D95DE925EFAA9100692411 /* GoalDataModel.swift */; };
		AA2DF6DD2DB4EEAE3F7E77FE /* Pods_GosioTests.framework in Frameworks */ = {isa = PBXBuildFile; fileRef = 24FAC72EC543397B7F4A08AB /* Pods_GosioTests.framework */; };
		DC86A193E62F1FD61530D148 /* Pods_Gosio.framework in Frameworks */ = {isa = PBXBuildFile; fileRef = 8A52AFAB7D7CD8C2521EAB4D /* Pods_Gosio.framework */; };
/* End PBXBuildFile section */

/* Begin PBXContainerItemProxy section */
		362E738B25EAAC5200C06078 /* PBXContainerItemProxy */ = {
			isa = PBXContainerItemProxy;
			containerPortal = 362E736925EAAC4E00C06078 /* Project object */;
			proxyType = 1;
			remoteGlobalIDString = 362E737025EAAC4E00C06078;
			remoteInfo = Gosio;
		};
		362E739625EAAC5200C06078 /* PBXContainerItemProxy */ = {
			isa = PBXContainerItemProxy;
			containerPortal = 362E736925EAAC4E00C06078 /* Project object */;
			proxyType = 1;
			remoteGlobalIDString = 362E737025EAAC4E00C06078;
			remoteInfo = Gosio;
		};
/* End PBXContainerItemProxy section */

/* Begin PBXFileReference section */
		24FAC72EC543397B7F4A08AB /* Pods_GosioTests.framework */ = {isa = PBXFileReference; explicitFileType = wrapper.framework; includeInIndex = 0; path = Pods_GosioTests.framework; sourceTree = BUILT_PRODUCTS_DIR; };
		3602BEA725EBD0600014DD16 /* GoalNameVC.swift */ = {isa = PBXFileReference; lastKnownFileType = sourcecode.swift; path = GoalNameVC.swift; sourceTree = "<group>"; };
		3602BEB325EBD07E0014DD16 /* GoalAmountVC.swift */ = {isa = PBXFileReference; lastKnownFileType = sourcecode.swift; path = GoalAmountVC.swift; sourceTree = "<group>"; };
		3602BEB825EBD0890014DD16 /* GoalDeadlineVC.swift */ = {isa = PBXFileReference; lastKnownFileType = sourcecode.swift; path = GoalDeadlineVC.swift; sourceTree = "<group>"; };
		3602BECC25EBDB0B0014DD16 /* Manager.swift */ = {isa = PBXFileReference; lastKnownFileType = sourcecode.swift; path = Manager.swift; sourceTree = "<group>"; };
		360CD43125EE700200A7D72B /* AppThemeVC.swift */ = {isa = PBXFileReference; lastKnownFileType = sourcecode.swift; path = AppThemeVC.swift; sourceTree = "<group>"; };
		360CD44125EE759000A7D72B /* AppIconVC.swift */ = {isa = PBXFileReference; lastKnownFileType = sourcecode.swift; path = AppIconVC.swift; sourceTree = "<group>"; };
		360CD44A25EE789E00A7D72B /* AppIconService.swift */ = {isa = PBXFileReference; lastKnownFileType = sourcecode.swift; path = AppIconService.swift; sourceTree = "<group>"; };
		360DD6EB25EB65D200636EBD /* Gosio.entitlements */ = {isa = PBXFileReference; lastKnownFileType = text.plist.entitlements; path = Gosio.entitlements; sourceTree = "<group>"; };
		360DD6EF25EB66D700636EBD /* DashboardVC.swift */ = {isa = PBXFileReference; lastKnownFileType = sourcecode.swift; path = DashboardVC.swift; sourceTree = "<group>"; };
		360DD73025EB815400636EBD /* PresentationController.swift */ = {isa = PBXFileReference; lastKnownFileType = sourcecode.swift; path = PresentationController.swift; sourceTree = "<group>"; };
		360DD73825EB817A00636EBD /* MenuView.xib */ = {isa = PBXFileReference; lastKnownFileType = file.xib; path = MenuView.xib; sourceTree = "<group>"; };
		360DD73D25EB81F700636EBD /* MenuView.swift */ = {isa = PBXFileReference; lastKnownFileType = sourcecode.swift; path = MenuView.swift; sourceTree = "<group>"; };
		3627646D25F9488B00A55834 /* AnimatedView.swift */ = {isa = PBXFileReference; lastKnownFileType = sourcecode.swift; path = AnimatedView.swift; sourceTree = "<group>"; };
		3627647225F9503600A55834 /* UIImage+Gif.swift */ = {isa = PBXFileReference; lastKnownFileType = sourcecode.swift; path = "UIImage+Gif.swift"; sourceTree = "<group>"; };
		3627647725F9505000A55834 /* CustomLoader.swift */ = {isa = PBXFileReference; lastKnownFileType = sourcecode.swift; path = CustomLoader.swift; sourceTree = "<group>"; };
		3627647C25F9513900A55834 /* loader.gif */ = {isa = PBXFileReference; lastKnownFileType = image.gif; path = loader.gif; sourceTree = "<group>"; };
		362E737125EAAC4E00C06078 /* Gosio.app */ = {isa = PBXFileReference; explicitFileType = wrapper.application; includeInIndex = 0; path = Gosio.app; sourceTree = BUILT_PRODUCTS_DIR; };
		362E737425EAAC4E00C06078 /* AppDelegate.swift */ = {isa = PBXFileReference; lastKnownFileType = sourcecode.swift; path = AppDelegate.swift; sourceTree = "<group>"; };
		362E737625EAAC4E00C06078 /* SceneDelegate.swift */ = {isa = PBXFileReference; lastKnownFileType = sourcecode.swift; path = SceneDelegate.swift; sourceTree = "<group>"; };
		362E737825EAAC4E00C06078 /* OnboardingVC.swift */ = {isa = PBXFileReference; lastKnownFileType = sourcecode.swift; path = OnboardingVC.swift; sourceTree = "<group>"; };
		362E737B25EAAC4E00C06078 /* Base */ = {isa = PBXFileReference; lastKnownFileType = file.storyboard; name = Base; path = Base.lproj/Main.storyboard; sourceTree = "<group>"; };
		362E737E25EAAC4E00C06078 /* Gosio.xcdatamodel */ = {isa = PBXFileReference; lastKnownFileType = wrapper.xcdatamodel; path = Gosio.xcdatamodel; sourceTree = "<group>"; };
		362E738025EAAC5100C06078 /* Assets.xcassets */ = {isa = PBXFileReference; lastKnownFileType = folder.assetcatalog; path = Assets.xcassets; sourceTree = "<group>"; };
		362E738325EAAC5100C06078 /* Base */ = {isa = PBXFileReference; lastKnownFileType = file.storyboard; name = Base; path = Base.lproj/LaunchScreen.storyboard; sourceTree = "<group>"; };
		362E738525EAAC5100C06078 /* Info.plist */ = {isa = PBXFileReference; lastKnownFileType = text.plist.xml; path = Info.plist; sourceTree = "<group>"; };
		362E738A25EAAC5200C06078 /* GosioTests.xctest */ = {isa = PBXFileReference; explicitFileType = wrapper.cfbundle; includeInIndex = 0; path = GosioTests.xctest; sourceTree = BUILT_PRODUCTS_DIR; };
		362E738E25EAAC5200C06078 /* GosioTests.swift */ = {isa = PBXFileReference; lastKnownFileType = sourcecode.swift; path = GosioTests.swift; sourceTree = "<group>"; };
		362E739025EAAC5200C06078 /* Info.plist */ = {isa = PBXFileReference; lastKnownFileType = text.plist.xml; path = Info.plist; sourceTree = "<group>"; };
		362E739525EAAC5200C06078 /* GosioUITests.xctest */ = {isa = PBXFileReference; explicitFileType = wrapper.cfbundle; includeInIndex = 0; path = GosioUITests.xctest; sourceTree = BUILT_PRODUCTS_DIR; };
		362E739925EAAC5200C06078 /* GosioUITests.swift */ = {isa = PBXFileReference; lastKnownFileType = sourcecode.swift; path = GosioUITests.swift; sourceTree = "<group>"; };
		362E739B25EAAC5200C06078 /* Info.plist */ = {isa = PBXFileReference; lastKnownFileType = text.plist.xml; path = Info.plist; sourceTree = "<group>"; };
		3636FB3425EE7B3C005A25EC /* White.png */ = {isa = PBXFileReference; lastKnownFileType = image.png; path = White.png; sourceTree = "<group>"; };
		3636FB4025EE9403005A25EC /* PrivacyPolicyVC.swift */ = {isa = PBXFileReference; lastKnownFileType = sourcecode.swift; path = PrivacyPolicyVC.swift; sourceTree = "<group>"; };
		3636FB4525EE940D005A25EC /* TermsOfUseVC.swift */ = {isa = PBXFileReference; lastKnownFileType = sourcecode.swift; path = TermsOfUseVC.swift; sourceTree = "<group>"; };
		3636FB4A25EE9A00005A25EC /* Default.png */ = {isa = PBXFileReference; lastKnownFileType = image.png; path = Default.png; sourceTree = "<group>"; };
		36404CB425ECA65B00C5A188 /* FadingTableView.swift */ = {isa = PBXFileReference; lastKnownFileType = sourcecode.swift; path = FadingTableView.swift; sourceTree = "<group>"; };
		36404CC725ED033100C5A188 /* Zip6Sequence.swift */ = {isa = PBXFileReference; lastKnownFileType = sourcecode.swift; path = Zip6Sequence.swift; sourceTree = "<group>"; };
		364EB91125EDFCB200E14444 /* attributedFontExtention.swift */ = {isa = PBXFileReference; lastKnownFileType = sourcecode.swift; path = attributedFontExtention.swift; sourceTree = "<group>"; };
		364F35AA25EB5E6E007E7996 /* LoginVC.swift */ = {isa = PBXFileReference; lastKnownFileType = sourcecode.swift; path = LoginVC.swift; sourceTree = "<group>"; };
		364F35B325EB5E84007E7996 /* AuthState.swift */ = {isa = PBXFileReference; lastKnownFileType = sourcecode.swift; path = AuthState.swift; sourceTree = "<group>"; };
		364F35B825EB5E96007E7996 /* SignInWithAppleManager.swift */ = {isa = PBXFileReference; lastKnownFileType = sourcecode.swift; path = SignInWithAppleManager.swift; sourceTree = "<group>"; };
		364F35BD25EB5ECB007E7996 /* UserDefaults.swift */ = {isa = PBXFileReference; lastKnownFileType = sourcecode.swift; path = UserDefaults.swift; sourceTree = "<group>"; };
		364F35C225EB5F39007E7996 /* CheatSheet.swift */ = {isa = PBXFileReference; lastKnownFileType = sourcecode.swift; path = CheatSheet.swift; sourceTree = "<group>"; };
		365DAE1D25F20839004AAABC /* CoreDataServices.swift */ = {isa = PBXFileReference; lastKnownFileType = sourcecode.swift; path = CoreDataServices.swift; sourceTree = "<group>"; };
		36637CEF25F37DC900A1F1A9 /* MoreAppsbyAnkitYadavVC.swift */ = {isa = PBXFileReference; lastKnownFileType = sourcecode.swift; path = MoreAppsbyAnkitYadavVC.swift; sourceTree = "<group>"; };
		36785D7425F111D2000DA319 /* ThumbView.swift */ = {isa = PBXFileReference; lastKnownFileType = sourcecode.swift; path = ThumbView.swift; sourceTree = "<group>"; };
		36785D7525F111D2000DA319 /* BalloonView.swift */ = {isa = PBXFileReference; lastKnownFileType = sourcecode.swift; path = BalloonView.swift; sourceTree = "<group>"; };
		36785D7625F111D3000DA319 /* TrackLayer.swift */ = {isa = PBXFileReference; lastKnownFileType = sourcecode.swift; path = TrackLayer.swift; sourceTree = "<group>"; };
		36785D7725F111D3000DA319 /* BalloonPickerView.swift */ = {isa = PBXFileReference; lastKnownFileType = sourcecode.swift; path = BalloonPickerView.swift; sourceTree = "<group>"; };
		367FECE125EE172C007F116B /* SettingsVC.swift */ = {isa = PBXFileReference; lastKnownFileType = sourcecode.swift; path = SettingsVC.swift; sourceTree = "<group>"; };
		367FECE925EE21DF007F116B /* AddToSiriVC.swift */ = {isa = PBXFileReference; lastKnownFileType = sourcecode.swift; path = AddToSiriVC.swift; sourceTree = "<group>"; };
		367FECEF25EE22CA007F116B /* Intents.intentdefinition */ = {isa = PBXFileReference; lastKnownFileType = file.intentdefinition; path = Intents.intentdefinition; sourceTree = "<group>"; };
		367FECF425EE22F8007F116B /* UserActivityType.swift */ = {isa = PBXFileReference; lastKnownFileType = sourcecode.swift; path = UserActivityType.swift; sourceTree = "<group>"; };
		367FED0625EE5ED5007F116B /* CurrencyVC.swift */ = {isa = PBXFileReference; lastKnownFileType = sourcecode.swift; path = CurrencyVC.swift; sourceTree = "<group>"; };
		367FED0B25EE5F06007F116B /* CurrencyModel.swift */ = {isa = PBXFileReference; lastKnownFileType = sourcecode.swift; path = CurrencyModel.swift; sourceTree = "<group>"; };
		367FED1525EE604D007F116B /* zip3sequence.swift */ = {isa = PBXFileReference; lastKnownFileType = sourcecode.swift; path = zip3sequence.swift; sourceTree = "<group>"; };
		368D369525F4C3DE00D5928D /* IAPProduct.swift */ = {isa = PBXFileReference; lastKnownFileType = sourcecode.swift; path = IAPProduct.swift; sourceTree = "<group>"; };
		368D369A25F4C41600D5928D /* IAPService.swift */ = {isa = PBXFileReference; lastKnownFileType = sourcecode.swift; path = IAPService.swift; sourceTree = "<group>"; };
		368D369F25F4C45500D5928D /* InAppPurchasesVC.swift */ = {isa = PBXFileReference; lastKnownFileType = sourcecode.swift; path = InAppPurchasesVC.swift; sourceTree = "<group>"; };
		368D36A825F4CDBA00D5928D /* StoreKit.framework */ = {isa = PBXFileReference; lastKnownFileType = wrapper.framework; name = StoreKit.framework; path = System/Library/Frameworks/StoreKit.framework; sourceTree = SDKROOT; };
		368D36AD25F4F1ED00D5928D /* AirbnbCerealLight.ttf */ = {isa = PBXFileReference; lastKnownFileType = file; path = AirbnbCerealLight.ttf; sourceTree = "<group>"; };
		368D36AE25F4F1ED00D5928D /* AirbnbCerealMedium.ttf */ = {isa = PBXFileReference; lastKnownFileType = file; path = AirbnbCerealMedium.ttf; sourceTree = "<group>"; };
		368D36AF25F4F1EE00D5928D /* AirbnbCerealBlack.ttf */ = {isa = PBXFileReference; lastKnownFileType = file; path = AirbnbCerealBlack.ttf; sourceTree = "<group>"; };
		368D36B025F4F1EE00D5928D /* AirbnbCerealBook.ttf */ = {isa = PBXFileReference; lastKnownFileType = file; path = AirbnbCerealBook.ttf; sourceTree = "<group>"; };
		368D36B125F4F1EE00D5928D /* AirbnbCerealBold.ttf */ = {isa = PBXFileReference; lastKnownFileType = file; path = AirbnbCerealBold.ttf; sourceTree = "<group>"; };
		368D36B225F4F1EE00D5928D /* AirbnbCerealExtraBold.ttf */ = {isa = PBXFileReference; lastKnownFileType = file; path = AirbnbCerealExtraBold.ttf; sourceTree = "<group>"; };
		36960CAB25EFF3B400946619 /* textFieldMaxLength.swift */ = {isa = PBXFileReference; lastKnownFileType = sourcecode.swift; path = textFieldMaxLength.swift; sourceTree = "<group>"; };
		36B7643A25F39C100017AC35 /* PaperOnboarding.swift */ = {isa = PBXFileReference; fileEncoding = 4; lastKnownFileType = sourcecode.swift; path = PaperOnboarding.swift; sourceTree = "<group>"; };
		36B7643B25F39C110017AC35 /* PaperOnboardingDataSource.swift */ = {isa = PBXFileReference; fileEncoding = 4; lastKnownFileType = sourcecode.swift; path = PaperOnboardingDataSource.swift; sourceTree = "<group>"; };
		36B7643C25F39C110017AC35 /* PaperOnboardingDelegate.swift */ = {isa = PBXFileReference; fileEncoding = 4; lastKnownFileType = sourcecode.swift; path = PaperOnboardingDelegate.swift; sourceTree = "<group>"; };
		36B7644A25F39C320017AC35 /* PageView.swift */ = {isa = PBXFileReference; fileEncoding = 4; lastKnownFileType = sourcecode.swift; path = PageView.swift; sourceTree = "<group>"; };
		36B7645425F39C530017AC35 /* PageContainer.swift */ = {isa = PBXFileReference; fileEncoding = 4; lastKnownFileType = sourcecode.swift; path = PageContainer.swift; sourceTree = "<group>"; };
		36B7645925F39C590017AC35 /* PageViewItem.swift */ = {isa = PBXFileReference; fileEncoding = 4; lastKnownFileType = sourcecode.swift; path = PageViewItem.swift; sourceTree = "<group>"; };
		36B7645F25F39C7A0017AC35 /* OnboardingContentView.swift */ = {isa = PBXFileReference; fileEncoding = 4; lastKnownFileType = sourcecode.swift; path = OnboardingContentView.swift; sourceTree = "<group>"; };
		36B7646025F39C7B0017AC35 /* OnboardingContantViewItem.swift */ = {isa = PBXFileReference; fileEncoding = 4; lastKnownFileType = sourcecode.swift; path = OnboardingContantViewItem.swift; sourceTree = "<group>"; };
		36B7646725F39C9B0017AC35 /* ConstraintsHelper.swift */ = {isa = PBXFileReference; lastKnownFileType = sourcecode.swift; path = ConstraintsHelper.swift; sourceTree = "<group>"; };
		36B7646825F39C9C0017AC35 /* Configuring.swift */ = {isa = PBXFileReference; lastKnownFileType = sourcecode.swift; path = Configuring.swift; sourceTree = "<group>"; };
		36B7646F25F39CB60017AC35 /* GestureControl.swift */ = {isa = PBXFileReference; fileEncoding = 4; lastKnownFileType = sourcecode.swift; path = GestureControl.swift; sourceTree = "<group>"; };
		36B7647525F39CC70017AC35 /* FillAnimationView.swift */ = {isa = PBXFileReference; fileEncoding = 4; lastKnownFileType = sourcecode.swift; path = FillAnimationView.swift; sourceTree = "<group>"; };
		36B7649225F3A6840017AC35 /* Slide.swift */ = {isa = PBXFileReference; fileEncoding = 4; lastKnownFileType = sourcecode.swift; path = Slide.swift; sourceTree = "<group>"; };
		36B7649725F3A68B0017AC35 /* Slide.xib */ = {isa = PBXFileReference; fileEncoding = 4; lastKnownFileType = file.xib; path = Slide.xib; sourceTree = "<group>"; };
		36B7649C25F3A7320017AC35 /* OnboardingState.swift */ = {isa = PBXFileReference; fileEncoding = 4; lastKnownFileType = sourcecode.swift; path = OnboardingState.swift; sourceTree = "<group>"; };
		36D95DDC25EFA33200692411 /* GoalExpandVC.swift */ = {isa = PBXFileReference; lastKnownFileType = sourcecode.swift; path = GoalExpandVC.swift; sourceTree = "<group>"; };
		36D95DE925EFAA9100692411 /* GoalDataModel.swift */ = {isa = PBXFileReference; lastKnownFileType = sourcecode.swift; path = GoalDataModel.swift; sourceTree = "<group>"; };
		427612BCCF6048BB813A12DD /* Pods_Gosio_GosioUITests.framework */ = {isa = PBXFileReference; explicitFileType = wrapper.framework; includeInIndex = 0; path = Pods_Gosio_GosioUITests.framework; sourceTree = BUILT_PRODUCTS_DIR; };
		882F3780B046FEA6B572E01B /* Pods-Gosio.release.xcconfig */ = {isa = PBXFileReference; includeInIndex = 1; lastKnownFileType = text.xcconfig; name = "Pods-Gosio.release.xcconfig"; path = "Target Support Files/Pods-Gosio/Pods-Gosio.release.xcconfig"; sourceTree = "<group>"; };
		8A52AFAB7D7CD8C2521EAB4D /* Pods_Gosio.framework */ = {isa = PBXFileReference; explicitFileType = wrapper.framework; includeInIndex = 0; path = Pods_Gosio.framework; sourceTree = BUILT_PRODUCTS_DIR; };
		8F04A75A6A1AC360E4395F9D /* Pods-Gosio.debug.xcconfig */ = {isa = PBXFileReference; includeInIndex = 1; lastKnownFileType = text.xcconfig; name = "Pods-Gosio.debug.xcconfig"; path = "Target Support Files/Pods-Gosio/Pods-Gosio.debug.xcconfig"; sourceTree = "<group>"; };
		8F55E2ED564DCFE06C7F7B2A /* Pods-Gosio-GosioUITests.debug.xcconfig */ = {isa = PBXFileReference; includeInIndex = 1; lastKnownFileType = text.xcconfig; name = "Pods-Gosio-GosioUITests.debug.xcconfig"; path = "Target Support Files/Pods-Gosio-GosioUITests/Pods-Gosio-GosioUITests.debug.xcconfig"; sourceTree = "<group>"; };
		95C71AED3DB9DBEF19B41AE2 /* Pods-Gosio-GosioUITests.release.xcconfig */ = {isa = PBXFileReference; includeInIndex = 1; lastKnownFileType = text.xcconfig; name = "Pods-Gosio-GosioUITests.release.xcconfig"; path = "Target Support Files/Pods-Gosio-GosioUITests/Pods-Gosio-GosioUITests.release.xcconfig"; sourceTree = "<group>"; };
		99D06CA40FC812F6207BC100 /* Pods-GosioTests.debug.xcconfig */ = {isa = PBXFileReference; includeInIndex = 1; lastKnownFileType = text.xcconfig; name = "Pods-GosioTests.debug.xcconfig"; path = "Target Support Files/Pods-GosioTests/Pods-GosioTests.debug.xcconfig"; sourceTree = "<group>"; };
		B4607DA5BCBEC539ECCDE5EE /* Pods-GosioTests.release.xcconfig */ = {isa = PBXFileReference; includeInIndex = 1; lastKnownFileType = text.xcconfig; name = "Pods-GosioTests.release.xcconfig"; path = "Target Support Files/Pods-GosioTests/Pods-GosioTests.release.xcconfig"; sourceTree = "<group>"; };
/* End PBXFileReference section */

/* Begin PBXFrameworksBuildPhase section */
		362E736E25EAAC4E00C06078 /* Frameworks */ = {
			isa = PBXFrameworksBuildPhase;
			buildActionMask = 2147483647;
			files = (
				DC86A193E62F1FD61530D148 /* Pods_Gosio.framework in Frameworks */,
				368D36A925F4CDBA00D5928D /* StoreKit.framework in Frameworks */,
			);
			runOnlyForDeploymentPostprocessing = 0;
		};
		362E738725EAAC5200C06078 /* Frameworks */ = {
			isa = PBXFrameworksBuildPhase;
			buildActionMask = 2147483647;
			files = (
				AA2DF6DD2DB4EEAE3F7E77FE /* Pods_GosioTests.framework in Frameworks */,
			);
			runOnlyForDeploymentPostprocessing = 0;
		};
		362E739225EAAC5200C06078 /* Frameworks */ = {
			isa = PBXFrameworksBuildPhase;
			buildActionMask = 2147483647;
			files = (
				0B042827C90CFACA6A674EFD /* Pods_Gosio_GosioUITests.framework in Frameworks */,
			);
			runOnlyForDeploymentPostprocessing = 0;
		};
/* End PBXFrameworksBuildPhase section */

/* Begin PBXGroup section */
		3602BEAC25EBD0660014DD16 /* New Goal */ = {
			isa = PBXGroup;
			children = (
				3602BEC225EBD7170014DD16 /* Services */,
				3602BEA725EBD0600014DD16 /* GoalNameVC.swift */,
				3602BEB325EBD07E0014DD16 /* GoalAmountVC.swift */,
				3602BEB825EBD0890014DD16 /* GoalDeadlineVC.swift */,
			);
			path = "New Goal";
			sourceTree = "<group>";
		};
		3602BEC225EBD7170014DD16 /* Services */ = {
			isa = PBXGroup;
			children = (
				36D95DE925EFAA9100692411 /* GoalDataModel.swift */,
			);
			path = Services;
			sourceTree = "<group>";
		};
		360CD43625EE754D00A7D72B /* App Theme */ = {
			isa = PBXGroup;
			children = (
				360CD43125EE700200A7D72B /* AppThemeVC.swift */,
			);
			path = "App Theme";
			sourceTree = "<group>";
		};
		360CD43725EE755800A7D72B /* Settings */ = {
			isa = PBXGroup;
			children = (
				367FECE125EE172C007F116B /* SettingsVC.swift */,
				368D36A425F4C5A900D5928D /* In App Purchases */,
				360CD43625EE754D00A7D72B /* App Theme */,
				360CD44625EE76EA00A7D72B /* App Icon */,
				367FED1025EE5F0D007F116B /* Currency */,
				367FECEE25EE22B5007F116B /* Siri Shortcuts */,
				3636931725EF83A10041F088 /* Privacy policy */,
				3636931625EF83970041F088 /* Terms of use */,
				36637CF425F3802D00A1F1A9 /* Our Apps */,
			);
			path = Settings;
			sourceTree = "<group>";
		};
		360CD44625EE76EA00A7D72B /* App Icon */ = {
			isa = PBXGroup;
			children = (
				360CD44F25EE78E900A7D72B /* Services */,
				360CD44125EE759000A7D72B /* AppIconVC.swift */,
			);
			path = "App Icon";
			sourceTree = "<group>";
		};
		360CD44F25EE78E900A7D72B /* Services */ = {
			isa = PBXGroup;
			children = (
				360CD44A25EE789E00A7D72B /* AppIconService.swift */,
			);
			path = Services;
			sourceTree = "<group>";
		};
		360DD6E725EB633B00636EBD /* Services */ = {
			isa = PBXGroup;
			children = (
				364F35B325EB5E84007E7996 /* AuthState.swift */,
				364F35B825EB5E96007E7996 /* SignInWithAppleManager.swift */,
			);
			path = Services;
			sourceTree = "<group>";
		};
		360DD6F425EB67C700636EBD /* Onboarding */ = {
			isa = PBXGroup;
			children = (
				36B764A425F3A9340017AC35 /* Services */,
				362E737825EAAC4E00C06078 /* OnboardingVC.swift */,
			);
			path = Onboarding;
			sourceTree = "<group>";
		};
		360DD70125EB766900636EBD /* Custom */ = {
			isa = PBXGroup;
			children = (
				36B7643625F39BF60017AC35 /* Onboarding Animation */,
				364F35C225EB5F39007E7996 /* CheatSheet.swift */,
				364F35BD25EB5ECB007E7996 /* UserDefaults.swift */,
				3602BECC25EBDB0B0014DD16 /* Manager.swift */,
				365DAE1D25F20839004AAABC /* CoreDataServices.swift */,
				364EB91125EDFCB200E14444 /* attributedFontExtention.swift */,
				36404CB425ECA65B00C5A188 /* FadingTableView.swift */,
				3627646D25F9488B00A55834 /* AnimatedView.swift */,
				3627647225F9503600A55834 /* UIImage+Gif.swift */,
				3627647725F9505000A55834 /* CustomLoader.swift */,
				367FED1525EE604D007F116B /* zip3sequence.swift */,
				36404CC725ED033100C5A188 /* Zip6Sequence.swift */,
				36960CAB25EFF3B400946619 /* textFieldMaxLength.swift */,
			);
			path = Custom;
			sourceTree = "<group>";
		};
		360DD74525EB8FB700636EBD /* Dashboard */ = {
			isa = PBXGroup;
			children = (
				360DD74625EB8FC600636EBD /* Menu PopUp */,
				360DD6EF25EB66D700636EBD /* DashboardVC.swift */,
			);
			path = Dashboard;
			sourceTree = "<group>";
		};
		360DD74625EB8FC600636EBD /* Menu PopUp */ = {
			isa = PBXGroup;
			children = (
				360DD73825EB817A00636EBD /* MenuView.xib */,
				360DD73D25EB81F700636EBD /* MenuView.swift */,
				360DD73025EB815400636EBD /* PresentationController.swift */,
			);
			path = "Menu PopUp";
			sourceTree = "<group>";
		};
		362E736825EAAC4E00C06078 = {
			isa = PBXGroup;
			children = (
				362E737325EAAC4E00C06078 /* Gosio */,
				362E738D25EAAC5200C06078 /* GosioTests */,
				362E739825EAAC5200C06078 /* GosioUITests */,
				362E737225EAAC4E00C06078 /* Products */,
				8EA3FDB1DC685770DFDB7B93 /* Pods */,
				967FB4580FE11BB57C892F33 /* Frameworks */,
			);
			sourceTree = "<group>";
		};
		362E737225EAAC4E00C06078 /* Products */ = {
			isa = PBXGroup;
			children = (
				362E737125EAAC4E00C06078 /* Gosio.app */,
				362E738A25EAAC5200C06078 /* GosioTests.xctest */,
				362E739525EAAC5200C06078 /* GosioUITests.xctest */,
			);
			name = Products;
			sourceTree = "<group>";
		};
		362E737325EAAC4E00C06078 /* Gosio */ = {
			isa = PBXGroup;
			children = (
				360DD6EB25EB65D200636EBD /* Gosio.entitlements */,
				364F359C25EB5DF2007E7996 /* Services */,
				364F35A025EB5E07007E7996 /* View controllers */,
				364F359825EB5DC4007E7996 /* Storyboards */,
				362E738525EAAC5100C06078 /* Info.plist */,
				362E737D25EAAC4E00C06078 /* Gosio.xcdatamodeld */,
			);
			path = Gosio;
			sourceTree = "<group>";
		};
		362E738D25EAAC5200C06078 /* GosioTests */ = {
			isa = PBXGroup;
			children = (
				362E738E25EAAC5200C06078 /* GosioTests.swift */,
				362E739025EAAC5200C06078 /* Info.plist */,
			);
			path = GosioTests;
			sourceTree = "<group>";
		};
		362E739825EAAC5200C06078 /* GosioUITests */ = {
			isa = PBXGroup;
			children = (
				362E739925EAAC5200C06078 /* GosioUITests.swift */,
				362E739B25EAAC5200C06078 /* Info.plist */,
			);
			path = GosioUITests;
			sourceTree = "<group>";
		};
		3636931625EF83970041F088 /* Terms of use */ = {
			isa = PBXGroup;
			children = (
				3636FB4525EE940D005A25EC /* TermsOfUseVC.swift */,
			);
			path = "Terms of use";
			sourceTree = "<group>";
		};
		3636931725EF83A10041F088 /* Privacy policy */ = {
			isa = PBXGroup;
			children = (
				3636FB4025EE9403005A25EC /* PrivacyPolicyVC.swift */,
			);
			path = "Privacy policy";
			sourceTree = "<group>";
		};
		3636FB3925EE7B4A005A25EC /* Alternate Icons */ = {
			isa = PBXGroup;
			children = (
				3636FB3425EE7B3C005A25EC /* White.png */,
				3636FB4A25EE9A00005A25EC /* Default.png */,
			);
			path = "Alternate Icons";
			sourceTree = "<group>";
		};
		364F359825EB5DC4007E7996 /* Storyboards */ = {
			isa = PBXGroup;
			children = (
				362E737A25EAAC4E00C06078 /* Main.storyboard */,
				362E738225EAAC5100C06078 /* LaunchScreen.storyboard */,
			);
			path = Storyboards;
			sourceTree = "<group>";
		};
		364F359C25EB5DF2007E7996 /* Services */ = {
			isa = PBXGroup;
			children = (
				3627647C25F9513900A55834 /* loader.gif */,
				368D36B325F4F1F900D5928D /* Fonts */,
				3636FB3925EE7B4A005A25EC /* Alternate Icons */,
				360DD70125EB766900636EBD /* Custom */,
				362E737425EAAC4E00C06078 /* AppDelegate.swift */,
				362E737625EAAC4E00C06078 /* SceneDelegate.swift */,
				362E738025EAAC5100C06078 /* Assets.xcassets */,
			);
			path = Services;
			sourceTree = "<group>";
		};
		364F35A025EB5E07007E7996 /* View controllers */ = {
			isa = PBXGroup;
			children = (
				3602BEAC25EBD0660014DD16 /* New Goal */,
				360DD6F425EB67C700636EBD /* Onboarding */,
				364F35AF25EB5E71007E7996 /* Auth */,
				360DD74525EB8FB700636EBD /* Dashboard */,
				360CD43725EE755800A7D72B /* Settings */,
				365DAE3325F2203A004AAABC /* Goal Detail */,
			);
			path = "View controllers";
			sourceTree = "<group>";
		};
		364F35AF25EB5E71007E7996 /* Auth */ = {
			isa = PBXGroup;
			children = (
				360DD6E725EB633B00636EBD /* Services */,
				364F35AA25EB5E6E007E7996 /* LoginVC.swift */,
			);
			path = Auth;
			sourceTree = "<group>";
		};
		365DAE3325F2203A004AAABC /* Goal Detail */ = {
			isa = PBXGroup;
			children = (
				365DAE3A25F22052004AAABC /* Balloon Picker */,
				36D95DDC25EFA33200692411 /* GoalExpandVC.swift */,
			);
			path = "Goal Detail";
			sourceTree = "<group>";
		};
		365DAE3A25F22052004AAABC /* Balloon Picker */ = {
			isa = PBXGroup;
			children = (
				36785D7725F111D3000DA319 /* BalloonPickerView.swift */,
				36785D7525F111D2000DA319 /* BalloonView.swift */,
				36785D7425F111D2000DA319 /* ThumbView.swift */,
				36785D7625F111D3000DA319 /* TrackLayer.swift */,
			);
			path = "Balloon Picker";
			sourceTree = "<group>";
		};
		36637CF425F3802D00A1F1A9 /* Our Apps */ = {
			isa = PBXGroup;
			children = (
				36637CEF25F37DC900A1F1A9 /* MoreAppsbyAnkitYadavVC.swift */,
			);
			path = "Our Apps";
			sourceTree = "<group>";
		};
		367FECEE25EE22B5007F116B /* Siri Shortcuts */ = {
			isa = PBXGroup;
			children = (
				367FECFC25EE5D4E007F116B /* Services */,
				367FECE925EE21DF007F116B /* AddToSiriVC.swift */,
			);
			path = "Siri Shortcuts";
			sourceTree = "<group>";
		};
		367FECFC25EE5D4E007F116B /* Services */ = {
			isa = PBXGroup;
			children = (
				367FECF425EE22F8007F116B /* UserActivityType.swift */,
				367FECEF25EE22CA007F116B /* Intents.intentdefinition */,
			);
			path = Services;
			sourceTree = "<group>";
		};
		367FED1025EE5F0D007F116B /* Currency */ = {
			isa = PBXGroup;
			children = (
				367FED1125EE5F20007F116B /* Services */,
				367FED0625EE5ED5007F116B /* CurrencyVC.swift */,
			);
			path = Currency;
			sourceTree = "<group>";
		};
		367FED1125EE5F20007F116B /* Services */ = {
			isa = PBXGroup;
			children = (
				367FED0B25EE5F06007F116B /* CurrencyModel.swift */,
			);
			path = Services;
			sourceTree = "<group>";
		};
		368BCDD925F4F97B0018DA10 /* Services */ = {
			isa = PBXGroup;
			children = (
				368D369525F4C3DE00D5928D /* IAPProduct.swift */,
				368D369A25F4C41600D5928D /* IAPService.swift */,
			);
			path = Services;
			sourceTree = "<group>";
		};
		368D36A425F4C5A900D5928D /* In App Purchases */ = {
			isa = PBXGroup;
			children = (
				368BCDD925F4F97B0018DA10 /* Services */,
				368D369F25F4C45500D5928D /* InAppPurchasesVC.swift */,
			);
			path = "In App Purchases";
			sourceTree = "<group>";
		};
		368D36B325F4F1F900D5928D /* Fonts */ = {
			isa = PBXGroup;
			children = (
				368D36AF25F4F1EE00D5928D /* AirbnbCerealBlack.ttf */,
				368D36B125F4F1EE00D5928D /* AirbnbCerealBold.ttf */,
				368D36B025F4F1EE00D5928D /* AirbnbCerealBook.ttf */,
				368D36B225F4F1EE00D5928D /* AirbnbCerealExtraBold.ttf */,
				368D36AD25F4F1ED00D5928D /* AirbnbCerealLight.ttf */,
				368D36AE25F4F1ED00D5928D /* AirbnbCerealMedium.ttf */,
			);
			path = Fonts;
			sourceTree = "<group>";
		};
		36B7643625F39BF60017AC35 /* Onboarding Animation */ = {
			isa = PBXGroup;
			children = (
				36B7647425F39CC20017AC35 /* FillAnimationView */,
				36B7646E25F39CB10017AC35 /* GestureControl */,
				36B7646625F39C900017AC35 /* Helpers */,
				36B7645E25F39C660017AC35 /* OnboardingContentView */,
				36B7644325F39C280017AC35 /* PageView */,
				36B7643A25F39C100017AC35 /* PaperOnboarding.swift */,
				36B7643B25F39C110017AC35 /* PaperOnboardingDataSource.swift */,
				36B7643C25F39C110017AC35 /* PaperOnboardingDelegate.swift */,
			);
			name = "Onboarding Animation";
			sourceTree = "<group>";
		};
		36B7644325F39C280017AC35 /* PageView */ = {
			isa = PBXGroup;
			children = (
				36B7645025F39C440017AC35 /* PageContainerView */,
				36B7644F25F39C3B0017AC35 /* Item */,
				36B7644A25F39C320017AC35 /* PageView.swift */,
			);
			path = PageView;
			sourceTree = "<group>";
		};
		36B7644F25F39C3B0017AC35 /* Item */ = {
			isa = PBXGroup;
			children = (
				36B7645925F39C590017AC35 /* PageViewItem.swift */,
			);
			name = Item;
			sourceTree = "<group>";
		};
		36B7645025F39C440017AC35 /* PageContainerView */ = {
			isa = PBXGroup;
			children = (
				36B7645425F39C530017AC35 /* PageContainer.swift */,
			);
			name = PageContainerView;
			sourceTree = "<group>";
		};
		36B7645E25F39C660017AC35 /* OnboardingContentView */ = {
			isa = PBXGroup;
			children = (
				36B7646025F39C7B0017AC35 /* OnboardingContantViewItem.swift */,
				36B7645F25F39C7A0017AC35 /* OnboardingContentView.swift */,
			);
			name = OnboardingContentView;
			sourceTree = "<group>";
		};
		36B7646625F39C900017AC35 /* Helpers */ = {
			isa = PBXGroup;
			children = (
				36B7646825F39C9C0017AC35 /* Configuring.swift */,
				36B7646725F39C9B0017AC35 /* ConstraintsHelper.swift */,
			);
			path = Helpers;
			sourceTree = "<group>";
		};
		36B7646E25F39CB10017AC35 /* GestureControl */ = {
			isa = PBXGroup;
			children = (
				36B7646F25F39CB60017AC35 /* GestureControl.swift */,
			);
			name = GestureControl;
			sourceTree = "<group>";
		};
		36B7647425F39CC20017AC35 /* FillAnimationView */ = {
			isa = PBXGroup;
			children = (
				36B7647525F39CC70017AC35 /* FillAnimationView.swift */,
			);
			name = FillAnimationView;
			sourceTree = "<group>";
		};
		36B764A425F3A9340017AC35 /* Services */ = {
			isa = PBXGroup;
			children = (
				36B7649C25F3A7320017AC35 /* OnboardingState.swift */,
				36B7649725F3A68B0017AC35 /* Slide.xib */,
				36B7649225F3A6840017AC35 /* Slide.swift */,
			);
			path = Services;
			sourceTree = "<group>";
		};
		8EA3FDB1DC685770DFDB7B93 /* Pods */ = {
			isa = PBXGroup;
			children = (
				8F04A75A6A1AC360E4395F9D /* Pods-Gosio.debug.xcconfig */,
				882F3780B046FEA6B572E01B /* Pods-Gosio.release.xcconfig */,
				8F55E2ED564DCFE06C7F7B2A /* Pods-Gosio-GosioUITests.debug.xcconfig */,
				95C71AED3DB9DBEF19B41AE2 /* Pods-Gosio-GosioUITests.release.xcconfig */,
				99D06CA40FC812F6207BC100 /* Pods-GosioTests.debug.xcconfig */,
				B4607DA5BCBEC539ECCDE5EE /* Pods-GosioTests.release.xcconfig */,
			);
			path = Pods;
			sourceTree = "<group>";
		};
		967FB4580FE11BB57C892F33 /* Frameworks */ = {
			isa = PBXGroup;
			children = (
				368D36A825F4CDBA00D5928D /* StoreKit.framework */,
				8A52AFAB7D7CD8C2521EAB4D /* Pods_Gosio.framework */,
				427612BCCF6048BB813A12DD /* Pods_Gosio_GosioUITests.framework */,
				24FAC72EC543397B7F4A08AB /* Pods_GosioTests.framework */,
			);
			name = Frameworks;
			sourceTree = "<group>";
		};
/* End PBXGroup section */

/* Begin PBXNativeTarget section */
		362E737025EAAC4E00C06078 /* Gosio */ = {
			isa = PBXNativeTarget;
			buildConfigurationList = 362E739E25EAAC5200C06078 /* Build configuration list for PBXNativeTarget "Gosio" */;
			buildPhases = (
				B32847A8FCFE79361A279CAA /* [CP] Check Pods Manifest.lock */,
				362E736D25EAAC4E00C06078 /* Sources */,
				362E736E25EAAC4E00C06078 /* Frameworks */,
				362E736F25EAAC4E00C06078 /* Resources */,
				A7039D7C896BE50E4438F636 /* [CP] Embed Pods Frameworks */,
			);
			buildRules = (
			);
			dependencies = (
			);
			name = Gosio;
			productName = Gosio;
			productReference = 362E737125EAAC4E00C06078 /* Gosio.app */;
			productType = "com.apple.product-type.application";
		};
		362E738925EAAC5200C06078 /* GosioTests */ = {
			isa = PBXNativeTarget;
			buildConfigurationList = 362E73A125EAAC5200C06078 /* Build configuration list for PBXNativeTarget "GosioTests" */;
			buildPhases = (
				7125EE43E6A233B0EF9A660C /* [CP] Check Pods Manifest.lock */,
				362E738625EAAC5200C06078 /* Sources */,
				362E738725EAAC5200C06078 /* Frameworks */,
				362E738825EAAC5200C06078 /* Resources */,
			);
			buildRules = (
			);
			dependencies = (
				362E738C25EAAC5200C06078 /* PBXTargetDependency */,
			);
			name = GosioTests;
			productName = GosioTests;
			productReference = 362E738A25EAAC5200C06078 /* GosioTests.xctest */;
			productType = "com.apple.product-type.bundle.unit-test";
		};
		362E739425EAAC5200C06078 /* GosioUITests */ = {
			isa = PBXNativeTarget;
			buildConfigurationList = 362E73A425EAAC5200C06078 /* Build configuration list for PBXNativeTarget "GosioUITests" */;
			buildPhases = (
				E884C57177C48254E8C0CDC2 /* [CP] Check Pods Manifest.lock */,
				362E739125EAAC5200C06078 /* Sources */,
				362E739225EAAC5200C06078 /* Frameworks */,
				362E739325EAAC5200C06078 /* Resources */,
				D5D325CAD336387BC1E675FB /* [CP] Embed Pods Frameworks */,
			);
			buildRules = (
			);
			dependencies = (
				362E739725EAAC5200C06078 /* PBXTargetDependency */,
			);
			name = GosioUITests;
			productName = GosioUITests;
			productReference = 362E739525EAAC5200C06078 /* GosioUITests.xctest */;
			productType = "com.apple.product-type.bundle.ui-testing";
		};
/* End PBXNativeTarget section */

/* Begin PBXProject section */
		362E736925EAAC4E00C06078 /* Project object */ = {
			isa = PBXProject;
			attributes = {
				LastSwiftUpdateCheck = 1240;
				LastUpgradeCheck = 1240;
				TargetAttributes = {
					362E737025EAAC4E00C06078 = {
						CreatedOnToolsVersion = 12.4;
					};
					362E738925EAAC5200C06078 = {
						CreatedOnToolsVersion = 12.4;
						TestTargetID = 362E737025EAAC4E00C06078;
					};
					362E739425EAAC5200C06078 = {
						CreatedOnToolsVersion = 12.4;
						TestTargetID = 362E737025EAAC4E00C06078;
					};
				};
			};
			buildConfigurationList = 362E736C25EAAC4E00C06078 /* Build configuration list for PBXProject "Gosio" */;
			compatibilityVersion = "Xcode 9.3";
			developmentRegion = en;
			hasScannedForEncodings = 0;
			knownRegions = (
				en,
				Base,
			);
			mainGroup = 362E736825EAAC4E00C06078;
			productRefGroup = 362E737225EAAC4E00C06078 /* Products */;
			projectDirPath = "";
			projectRoot = "";
			targets = (
				362E737025EAAC4E00C06078 /* Gosio */,
				362E738925EAAC5200C06078 /* GosioTests */,
				362E739425EAAC5200C06078 /* GosioUITests */,
			);
		};
/* End PBXProject section */

/* Begin PBXResourcesBuildPhase section */
		362E736F25EAAC4E00C06078 /* Resources */ = {
			isa = PBXResourcesBuildPhase;
			buildActionMask = 2147483647;
			files = (
				362E738425EAAC5100C06078 /* LaunchScreen.storyboard in Resources */,
				3636FB4B25EE9A00005A25EC /* Default.png in Resources */,
				360DD73925EB817A00636EBD /* MenuView.xib in Resources */,
				36B7649825F3A68B0017AC35 /* Slide.xib in Resources */,
				362E738125EAAC5100C06078 /* Assets.xcassets in Resources */,
				3627647D25F9513A00A55834 /* loader.gif in Resources */,
				362E737C25EAAC4E00C06078 /* Main.storyboard in Resources */,
				3636FB3525EE7B3D005A25EC /* White.png in Resources */,
			);
			runOnlyForDeploymentPostprocessing = 0;
		};
		362E738825EAAC5200C06078 /* Resources */ = {
			isa = PBXResourcesBuildPhase;
			buildActionMask = 2147483647;
			files = (
			);
			runOnlyForDeploymentPostprocessing = 0;
		};
		362E739325EAAC5200C06078 /* Resources */ = {
			isa = PBXResourcesBuildPhase;
			buildActionMask = 2147483647;
			files = (
			);
			runOnlyForDeploymentPostprocessing = 0;
		};
/* End PBXResourcesBuildPhase section */

/* Begin PBXShellScriptBuildPhase section */
		7125EE43E6A233B0EF9A660C /* [CP] Check Pods Manifest.lock */ = {
			isa = PBXShellScriptBuildPhase;
			buildActionMask = 2147483647;
			files = (
			);
			inputFileListPaths = (
			);
			inputPaths = (
				"${PODS_PODFILE_DIR_PATH}/Podfile.lock",
				"${PODS_ROOT}/Manifest.lock",
			);
			name = "[CP] Check Pods Manifest.lock";
			outputFileListPaths = (
			);
			outputPaths = (
				"$(DERIVED_FILE_DIR)/Pods-GosioTests-checkManifestLockResult.txt",
			);
			runOnlyForDeploymentPostprocessing = 0;
			shellPath = /bin/sh;
			shellScript = "diff \"${PODS_PODFILE_DIR_PATH}/Podfile.lock\" \"${PODS_ROOT}/Manifest.lock\" > /dev/null\nif [ $? != 0 ] ; then\n    # print error to STDERR\n    echo \"error: The sandbox is not in sync with the Podfile.lock. Run 'pod install' or update your CocoaPods installation.\" >&2\n    exit 1\nfi\n# This output is used by Xcode 'outputs' to avoid re-running this script phase.\necho \"SUCCESS\" > \"${SCRIPT_OUTPUT_FILE_0}\"\n";
			showEnvVarsInLog = 0;
		};
		A7039D7C896BE50E4438F636 /* [CP] Embed Pods Frameworks */ = {
			isa = PBXShellScriptBuildPhase;
			buildActionMask = 2147483647;
			files = (
			);
			inputFileListPaths = (
				"${PODS_ROOT}/Target Support Files/Pods-Gosio/Pods-Gosio-frameworks-${CONFIGURATION}-input-files.xcfilelist",
			);
			name = "[CP] Embed Pods Frameworks";
			outputFileListPaths = (
				"${PODS_ROOT}/Target Support Files/Pods-Gosio/Pods-Gosio-frameworks-${CONFIGURATION}-output-files.xcfilelist",
			);
			runOnlyForDeploymentPostprocessing = 0;
			shellPath = /bin/sh;
			shellScript = "\"${PODS_ROOT}/Target Support Files/Pods-Gosio/Pods-Gosio-frameworks.sh\"\n";
			showEnvVarsInLog = 0;
		};
		B32847A8FCFE79361A279CAA /* [CP] Check Pods Manifest.lock */ = {
			isa = PBXShellScriptBuildPhase;
			buildActionMask = 2147483647;
			files = (
			);
			inputFileListPaths = (
			);
			inputPaths = (
				"${PODS_PODFILE_DIR_PATH}/Podfile.lock",
				"${PODS_ROOT}/Manifest.lock",
			);
			name = "[CP] Check Pods Manifest.lock";
			outputFileListPaths = (
			);
			outputPaths = (
				"$(DERIVED_FILE_DIR)/Pods-Gosio-checkManifestLockResult.txt",
			);
			runOnlyForDeploymentPostprocessing = 0;
			shellPath = /bin/sh;
			shellScript = "diff \"${PODS_PODFILE_DIR_PATH}/Podfile.lock\" \"${PODS_ROOT}/Manifest.lock\" > /dev/null\nif [ $? != 0 ] ; then\n    # print error to STDERR\n    echo \"error: The sandbox is not in sync with the Podfile.lock. Run 'pod install' or update your CocoaPods installation.\" >&2\n    exit 1\nfi\n# This output is used by Xcode 'outputs' to avoid re-running this script phase.\necho \"SUCCESS\" > \"${SCRIPT_OUTPUT_FILE_0}\"\n";
			showEnvVarsInLog = 0;
		};
		D5D325CAD336387BC1E675FB /* [CP] Embed Pods Frameworks */ = {
			isa = PBXShellScriptBuildPhase;
			buildActionMask = 2147483647;
			files = (
			);
			inputFileListPaths = (
				"${PODS_ROOT}/Target Support Files/Pods-Gosio-GosioUITests/Pods-Gosio-GosioUITests-frameworks-${CONFIGURATION}-input-files.xcfilelist",
			);
			name = "[CP] Embed Pods Frameworks";
			outputFileListPaths = (
				"${PODS_ROOT}/Target Support Files/Pods-Gosio-GosioUITests/Pods-Gosio-GosioUITests-frameworks-${CONFIGURATION}-output-files.xcfilelist",
			);
			runOnlyForDeploymentPostprocessing = 0;
			shellPath = /bin/sh;
			shellScript = "\"${PODS_ROOT}/Target Support Files/Pods-Gosio-GosioUITests/Pods-Gosio-GosioUITests-frameworks.sh\"\n";
			showEnvVarsInLog = 0;
		};
		E884C57177C48254E8C0CDC2 /* [CP] Check Pods Manifest.lock */ = {
			isa = PBXShellScriptBuildPhase;
			buildActionMask = 2147483647;
			files = (
			);
			inputFileListPaths = (
			);
			inputPaths = (
				"${PODS_PODFILE_DIR_PATH}/Podfile.lock",
				"${PODS_ROOT}/Manifest.lock",
			);
			name = "[CP] Check Pods Manifest.lock";
			outputFileListPaths = (
			);
			outputPaths = (
				"$(DERIVED_FILE_DIR)/Pods-Gosio-GosioUITests-checkManifestLockResult.txt",
			);
			runOnlyForDeploymentPostprocessing = 0;
			shellPath = /bin/sh;
			shellScript = "diff \"${PODS_PODFILE_DIR_PATH}/Podfile.lock\" \"${PODS_ROOT}/Manifest.lock\" > /dev/null\nif [ $? != 0 ] ; then\n    # print error to STDERR\n    echo \"error: The sandbox is not in sync with the Podfile.lock. Run 'pod install' or update your CocoaPods installation.\" >&2\n    exit 1\nfi\n# This output is used by Xcode 'outputs' to avoid re-running this script phase.\necho \"SUCCESS\" > \"${SCRIPT_OUTPUT_FILE_0}\"\n";
			showEnvVarsInLog = 0;
		};
/* End PBXShellScriptBuildPhase section */

/* Begin PBXSourcesBuildPhase section */
		362E736D25EAAC4E00C06078 /* Sources */ = {
			isa = PBXSourcesBuildPhase;
			buildActionMask = 2147483647;
			files = (
				362E737925EAAC4E00C06078 /* OnboardingVC.swift in Sources */,
				364EB91225EDFCB200E14444 /* attributedFontExtention.swift in Sources */,
				3636FB4125EE9403005A25EC /* PrivacyPolicyVC.swift in Sources */,
				3602BEB925EBD0890014DD16 /* GoalDeadlineVC.swift in Sources */,
				36B7645A25F39C590017AC35 /* PageViewItem.swift in Sources */,
				3602BECD25EBDB0B0014DD16 /* Manager.swift in Sources */,
				3627647325F9503600A55834 /* UIImage+Gif.swift in Sources */,
				367FECE225EE172C007F116B /* SettingsVC.swift in Sources */,
				360DD6F025EB66D700636EBD /* DashboardVC.swift in Sources */,
				364F35B425EB5E84007E7996 /* AuthState.swift in Sources */,
				367FECF525EE22F8007F116B /* UserActivityType.swift in Sources */,
				3627647825F9505000A55834 /* CustomLoader.swift in Sources */,
				36B7646125F39C7B0017AC35 /* OnboardingContentView.swift in Sources */,
				36B7643D25F39C110017AC35 /* PaperOnboarding.swift in Sources */,
				362E737525EAAC4E00C06078 /* AppDelegate.swift in Sources */,
				367FED0C25EE5F06007F116B /* CurrencyModel.swift in Sources */,
				36B7646A25F39C9C0017AC35 /* ConstraintsHelper.swift in Sources */,
				364F35B925EB5E96007E7996 /* SignInWithAppleManager.swift in Sources */,
				36B7643F25F39C110017AC35 /* PaperOnboardingDelegate.swift in Sources */,
				36D95DEA25EFAA9100692411 /* GoalDataModel.swift in Sources */,
				360CD44225EE759000A7D72B /* AppIconVC.swift in Sources */,
				36B7649325F3A6840017AC35 /* Slide.swift in Sources */,
				368D36A025F4C45500D5928D /* InAppPurchasesVC.swift in Sources */,
				36B7647025F39CB60017AC35 /* GestureControl.swift in Sources */,
				36B7643E25F39C110017AC35 /* PaperOnboardingDataSource.swift in Sources */,
				360CD44B25EE789E00A7D72B /* AppIconService.swift in Sources */,
				360CD43225EE700200A7D72B /* AppThemeVC.swift in Sources */,
				364F35BE25EB5ECB007E7996 /* UserDefaults.swift in Sources */,
				36637CF025F37DC900A1F1A9 /* MoreAppsbyAnkitYadavVC.swift in Sources */,
				36960CAC25EFF3B400946619 /* textFieldMaxLength.swift in Sources */,
				368D369625F4C3DE00D5928D /* IAPProduct.swift in Sources */,
				36404CC825ED033100C5A188 /* Zip6Sequence.swift in Sources */,
				3602BEB425EBD07E0014DD16 /* GoalAmountVC.swift in Sources */,
				36B7644B25F39C320017AC35 /* PageView.swift in Sources */,
				36B7646225F39C7B0017AC35 /* OnboardingContantViewItem.swift in Sources */,
				362E737725EAAC4E00C06078 /* SceneDelegate.swift in Sources */,
				36B7646925F39C9C0017AC35 /* Configuring.swift in Sources */,
				36D95DDD25EFA33200692411 /* GoalExpandVC.swift in Sources */,
				36785D7925F111D3000DA319 /* BalloonView.swift in Sources */,
				364F35C325EB5F39007E7996 /* CheatSheet.swift in Sources */,
				367FED1625EE604D007F116B /* zip3sequence.swift in Sources */,
				365DAE1E25F20839004AAABC /* CoreDataServices.swift in Sources */,
				3636FB4625EE940D005A25EC /* TermsOfUseVC.swift in Sources */,
				36B7647625F39CC70017AC35 /* FillAnimationView.swift in Sources */,
				36785D7A25F111D3000DA319 /* ThumbView.swift in Sources */,
				36404CB525ECA65B00C5A188 /* FadingTableView.swift in Sources */,
				367FED0725EE5ED5007F116B /* CurrencyVC.swift in Sources */,
				360DD73E25EB81F700636EBD /* MenuView.swift in Sources */,
				367FECEA25EE21DF007F116B /* AddToSiriVC.swift in Sources */,
				3627646E25F9488B00A55834 /* AnimatedView.swift in Sources */,
				368D369B25F4C41600D5928D /* IAPService.swift in Sources */,
				36785D7825F111D3000DA319 /* BalloonPickerView.swift in Sources */,
				3602BEA825EBD0600014DD16 /* GoalNameVC.swift in Sources */,
				36B7645525F39C530017AC35 /* PageContainer.swift in Sources */,
				36B7649D25F3A7330017AC35 /* OnboardingState.swift in Sources */,
				362E737F25EAAC4E00C06078 /* Gosio.xcdatamodeld in Sources */,
				364F35AB25EB5E6E007E7996 /* LoginVC.swift in Sources */,
				367FECF025EE22CA007F116B /* Intents.intentdefinition in Sources */,
				360DD73125EB815400636EBD /* PresentationController.swift in Sources */,
				36785D7B25F111D3000DA319 /* TrackLayer.swift in Sources */,
			);
			runOnlyForDeploymentPostprocessing = 0;
		};
		362E738625EAAC5200C06078 /* Sources */ = {
			isa = PBXSourcesBuildPhase;
			buildActionMask = 2147483647;
			files = (
				362E738F25EAAC5200C06078 /* GosioTests.swift in Sources */,
			);
			runOnlyForDeploymentPostprocessing = 0;
		};
		362E739125EAAC5200C06078 /* Sources */ = {
			isa = PBXSourcesBuildPhase;
			buildActionMask = 2147483647;
			files = (
				362E739A25EAAC5200C06078 /* GosioUITests.swift in Sources */,
			);
			runOnlyForDeploymentPostprocessing = 0;
		};
/* End PBXSourcesBuildPhase section */

/* Begin PBXTargetDependency section */
		362E738C25EAAC5200C06078 /* PBXTargetDependency */ = {
			isa = PBXTargetDependency;
			target = 362E737025EAAC4E00C06078 /* Gosio */;
			targetProxy = 362E738B25EAAC5200C06078 /* PBXContainerItemProxy */;
		};
		362E739725EAAC5200C06078 /* PBXTargetDependency */ = {
			isa = PBXTargetDependency;
			target = 362E737025EAAC4E00C06078 /* Gosio */;
			targetProxy = 362E739625EAAC5200C06078 /* PBXContainerItemProxy */;
		};
/* End PBXTargetDependency section */

/* Begin PBXVariantGroup section */
		362E737A25EAAC4E00C06078 /* Main.storyboard */ = {
			isa = PBXVariantGroup;
			children = (
				362E737B25EAAC4E00C06078 /* Base */,
			);
			name = Main.storyboard;
			sourceTree = "<group>";
		};
		362E738225EAAC5100C06078 /* LaunchScreen.storyboard */ = {
			isa = PBXVariantGroup;
			children = (
				362E738325EAAC5100C06078 /* Base */,
			);
			name = LaunchScreen.storyboard;
			sourceTree = "<group>";
		};
/* End PBXVariantGroup section */

/* Begin XCBuildConfiguration section */
		362E739C25EAAC5200C06078 /* Debug */ = {
			isa = XCBuildConfiguration;
			buildSettings = {
				ALWAYS_SEARCH_USER_PATHS = NO;
				CLANG_ANALYZER_NONNULL = YES;
				CLANG_ANALYZER_NUMBER_OBJECT_CONVERSION = YES_AGGRESSIVE;
				CLANG_CXX_LANGUAGE_STANDARD = "gnu++14";
				CLANG_CXX_LIBRARY = "libc++";
				CLANG_ENABLE_MODULES = YES;
				CLANG_ENABLE_OBJC_ARC = YES;
				CLANG_ENABLE_OBJC_WEAK = YES;
				CLANG_WARN_BLOCK_CAPTURE_AUTORELEASING = YES;
				CLANG_WARN_BOOL_CONVERSION = YES;
				CLANG_WARN_COMMA = YES;
				CLANG_WARN_CONSTANT_CONVERSION = YES;
				CLANG_WARN_DEPRECATED_OBJC_IMPLEMENTATIONS = YES;
				CLANG_WARN_DIRECT_OBJC_ISA_USAGE = YES_ERROR;
				CLANG_WARN_DOCUMENTATION_COMMENTS = YES;
				CLANG_WARN_EMPTY_BODY = YES;
				CLANG_WARN_ENUM_CONVERSION = YES;
				CLANG_WARN_INFINITE_RECURSION = YES;
				CLANG_WARN_INT_CONVERSION = YES;
				CLANG_WARN_NON_LITERAL_NULL_CONVERSION = YES;
				CLANG_WARN_OBJC_IMPLICIT_RETAIN_SELF = YES;
				CLANG_WARN_OBJC_LITERAL_CONVERSION = YES;
				CLANG_WARN_OBJC_ROOT_CLASS = YES_ERROR;
				CLANG_WARN_QUOTED_INCLUDE_IN_FRAMEWORK_HEADER = YES;
				CLANG_WARN_RANGE_LOOP_ANALYSIS = YES;
				CLANG_WARN_STRICT_PROTOTYPES = YES;
				CLANG_WARN_SUSPICIOUS_MOVE = YES;
				CLANG_WARN_UNGUARDED_AVAILABILITY = YES_AGGRESSIVE;
				CLANG_WARN_UNREACHABLE_CODE = YES;
				CLANG_WARN__DUPLICATE_METHOD_MATCH = YES;
				COPY_PHASE_STRIP = NO;
				DEBUG_INFORMATION_FORMAT = dwarf;
				ENABLE_STRICT_OBJC_MSGSEND = YES;
				ENABLE_TESTABILITY = YES;
				GCC_C_LANGUAGE_STANDARD = gnu11;
				GCC_DYNAMIC_NO_PIC = NO;
				GCC_NO_COMMON_BLOCKS = YES;
				GCC_OPTIMIZATION_LEVEL = 0;
				GCC_PREPROCESSOR_DEFINITIONS = (
					"DEBUG=1",
					"$(inherited)",
				);
				GCC_WARN_64_TO_32_BIT_CONVERSION = YES;
				GCC_WARN_ABOUT_RETURN_TYPE = YES_ERROR;
				GCC_WARN_UNDECLARED_SELECTOR = YES;
				GCC_WARN_UNINITIALIZED_AUTOS = YES_AGGRESSIVE;
				GCC_WARN_UNUSED_FUNCTION = YES;
				GCC_WARN_UNUSED_VARIABLE = YES;
				IPHONEOS_DEPLOYMENT_TARGET = 14.4;
				MTL_ENABLE_DEBUG_INFO = INCLUDE_SOURCE;
				MTL_FAST_MATH = YES;
				ONLY_ACTIVE_ARCH = YES;
				SDKROOT = iphoneos;
				SWIFT_ACTIVE_COMPILATION_CONDITIONS = DEBUG;
				SWIFT_OPTIMIZATION_LEVEL = "-Onone";
			};
			name = Debug;
		};
		362E739D25EAAC5200C06078 /* Release */ = {
			isa = XCBuildConfiguration;
			buildSettings = {
				ALWAYS_SEARCH_USER_PATHS = NO;
				CLANG_ANALYZER_NONNULL = YES;
				CLANG_ANALYZER_NUMBER_OBJECT_CONVERSION = YES_AGGRESSIVE;
				CLANG_CXX_LANGUAGE_STANDARD = "gnu++14";
				CLANG_CXX_LIBRARY = "libc++";
				CLANG_ENABLE_MODULES = YES;
				CLANG_ENABLE_OBJC_ARC = YES;
				CLANG_ENABLE_OBJC_WEAK = YES;
				CLANG_WARN_BLOCK_CAPTURE_AUTORELEASING = YES;
				CLANG_WARN_BOOL_CONVERSION = YES;
				CLANG_WARN_COMMA = YES;
				CLANG_WARN_CONSTANT_CONVERSION = YES;
				CLANG_WARN_DEPRECATED_OBJC_IMPLEMENTATIONS = YES;
				CLANG_WARN_DIRECT_OBJC_ISA_USAGE = YES_ERROR;
				CLANG_WARN_DOCUMENTATION_COMMENTS = YES;
				CLANG_WARN_EMPTY_BODY = YES;
				CLANG_WARN_ENUM_CONVERSION = YES;
				CLANG_WARN_INFINITE_RECURSION = YES;
				CLANG_WARN_INT_CONVERSION = YES;
				CLANG_WARN_NON_LITERAL_NULL_CONVERSION = YES;
				CLANG_WARN_OBJC_IMPLICIT_RETAIN_SELF = YES;
				CLANG_WARN_OBJC_LITERAL_CONVERSION = YES;
				CLANG_WARN_OBJC_ROOT_CLASS = YES_ERROR;
				CLANG_WARN_QUOTED_INCLUDE_IN_FRAMEWORK_HEADER = YES;
				CLANG_WARN_RANGE_LOOP_ANALYSIS = YES;
				CLANG_WARN_STRICT_PROTOTYPES = YES;
				CLANG_WARN_SUSPICIOUS_MOVE = YES;
				CLANG_WARN_UNGUARDED_AVAILABILITY = YES_AGGRESSIVE;
				CLANG_WARN_UNREACHABLE_CODE = YES;
				CLANG_WARN__DUPLICATE_METHOD_MATCH = YES;
				COPY_PHASE_STRIP = NO;
				DEBUG_INFORMATION_FORMAT = "dwarf-with-dsym";
				ENABLE_NS_ASSERTIONS = NO;
				ENABLE_STRICT_OBJC_MSGSEND = YES;
				GCC_C_LANGUAGE_STANDARD = gnu11;
				GCC_NO_COMMON_BLOCKS = YES;
				GCC_WARN_64_TO_32_BIT_CONVERSION = YES;
				GCC_WARN_ABOUT_RETURN_TYPE = YES_ERROR;
				GCC_WARN_UNDECLARED_SELECTOR = YES;
				GCC_WARN_UNINITIALIZED_AUTOS = YES_AGGRESSIVE;
				GCC_WARN_UNUSED_FUNCTION = YES;
				GCC_WARN_UNUSED_VARIABLE = YES;
				IPHONEOS_DEPLOYMENT_TARGET = 14.4;
				MTL_ENABLE_DEBUG_INFO = NO;
				MTL_FAST_MATH = YES;
				SDKROOT = iphoneos;
				SWIFT_COMPILATION_MODE = wholemodule;
				SWIFT_OPTIMIZATION_LEVEL = "-O";
				VALIDATE_PRODUCT = YES;
			};
			name = Release;
		};
		362E739F25EAAC5200C06078 /* Debug */ = {
			isa = XCBuildConfiguration;
			baseConfigurationReference = 8F04A75A6A1AC360E4395F9D /* Pods-Gosio.debug.xcconfig */;
			buildSettings = {
				ASSETCATALOG_COMPILER_APPICON_NAME = AppIcon;
				ASSETCATALOG_COMPILER_GLOBAL_ACCENT_COLOR_NAME = AccentColor;
				CODE_SIGN_ENTITLEMENTS = Gosio/Gosio.entitlements;
				CODE_SIGN_STYLE = Automatic;
				CURRENT_PROJECT_VERSION = 9;
				DEVELOPMENT_TEAM = JL7UZ93S3L;
				INFOPLIST_FILE = Gosio/Info.plist;
				LD_RUNPATH_SEARCH_PATHS = (
					"$(inherited)",
					"@executable_path/Frameworks",
				);
				MARKETING_VERSION = 1.0.0;
				PRODUCT_BUNDLE_IDENTIFIER = tdc.Gosio;
				PRODUCT_NAME = "$(TARGET_NAME)";
				SUPPORTS_MACCATALYST = YES;
				SWIFT_VERSION = 5.0;
				TARGETED_DEVICE_FAMILY = "1,2";
			};
			name = Debug;
		};
		362E73A025EAAC5200C06078 /* Release */ = {
			isa = XCBuildConfiguration;
			baseConfigurationReference = 882F3780B046FEA6B572E01B /* Pods-Gosio.release.xcconfig */;
			buildSettings = {
				ASSETCATALOG_COMPILER_APPICON_NAME = AppIcon;
				ASSETCATALOG_COMPILER_GLOBAL_ACCENT_COLOR_NAME = AccentColor;
				CODE_SIGN_ENTITLEMENTS = Gosio/Gosio.entitlements;
				CODE_SIGN_STYLE = Automatic;
				CURRENT_PROJECT_VERSION = 9;
				DEVELOPMENT_TEAM = JL7UZ93S3L;
				INFOPLIST_FILE = Gosio/Info.plist;
				LD_RUNPATH_SEARCH_PATHS = (
					"$(inherited)",
					"@executable_path/Frameworks",
				);
				MARKETING_VERSION = 1.0.0;
				PRODUCT_BUNDLE_IDENTIFIER = tdc.Gosio;
				PRODUCT_NAME = "$(TARGET_NAME)";
				SUPPORTS_MACCATALYST = YES;
				SWIFT_VERSION = 5.0;
				TARGETED_DEVICE_FAMILY = "1,2";
			};
			name = Release;
		};
		362E73A225EAAC5200C06078 /* Debug */ = {
			isa = XCBuildConfiguration;
			baseConfigurationReference = 99D06CA40FC812F6207BC100 /* Pods-GosioTests.debug.xcconfig */;
			buildSettings = {
				ALWAYS_EMBED_SWIFT_STANDARD_LIBRARIES = YES;
				BUNDLE_LOADER = "$(TEST_HOST)";
				CODE_SIGN_STYLE = Automatic;
				DEVELOPMENT_TEAM = JL7UZ93S3L;
				INFOPLIST_FILE = GosioTests/Info.plist;
				IPHONEOS_DEPLOYMENT_TARGET = 14.4;
				LD_RUNPATH_SEARCH_PATHS = (
					"$(inherited)",
					"@executable_path/Frameworks",
					"@loader_path/Frameworks",
				);
				PRODUCT_BUNDLE_IDENTIFIER = tdc.GosioTests;
				PRODUCT_NAME = "$(TARGET_NAME)";
				SWIFT_VERSION = 5.0;
				TARGETED_DEVICE_FAMILY = "1,2";
				TEST_HOST = "$(BUILT_PRODUCTS_DIR)/Gosio.app/Gosio";
			};
			name = Debug;
		};
		362E73A325EAAC5200C06078 /* Release */ = {
			isa = XCBuildConfiguration;
			baseConfigurationReference = B4607DA5BCBEC539ECCDE5EE /* Pods-GosioTests.release.xcconfig */;
			buildSettings = {
				ALWAYS_EMBED_SWIFT_STANDARD_LIBRARIES = YES;
				BUNDLE_LOADER = "$(TEST_HOST)";
				CODE_SIGN_STYLE = Automatic;
				DEVELOPMENT_TEAM = JL7UZ93S3L;
				INFOPLIST_FILE = GosioTests/Info.plist;
				IPHONEOS_DEPLOYMENT_TARGET = 14.4;
				LD_RUNPATH_SEARCH_PATHS = (
					"$(inherited)",
					"@executable_path/Frameworks",
					"@loader_path/Frameworks",
				);
				PRODUCT_BUNDLE_IDENTIFIER = tdc.GosioTests;
				PRODUCT_NAME = "$(TARGET_NAME)";
				SWIFT_VERSION = 5.0;
				TARGETED_DEVICE_FAMILY = "1,2";
				TEST_HOST = "$(BUILT_PRODUCTS_DIR)/Gosio.app/Gosio";
			};
			name = Release;
		};
		362E73A525EAAC5200C06078 /* Debug */ = {
			isa = XCBuildConfiguration;
			baseConfigurationReference = 8F55E2ED564DCFE06C7F7B2A /* Pods-Gosio-GosioUITests.debug.xcconfig */;
			buildSettings = {
				ALWAYS_EMBED_SWIFT_STANDARD_LIBRARIES = YES;
				CODE_SIGN_STYLE = Automatic;
				DEVELOPMENT_TEAM = JL7UZ93S3L;
				INFOPLIST_FILE = GosioUITests/Info.plist;
				LD_RUNPATH_SEARCH_PATHS = (
					"$(inherited)",
					"@executable_path/Frameworks",
					"@loader_path/Frameworks",
				);
				PRODUCT_BUNDLE_IDENTIFIER = tdc.GosioUITests;
				PRODUCT_NAME = "$(TARGET_NAME)";
				SWIFT_VERSION = 5.0;
				TARGETED_DEVICE_FAMILY = "1,2";
				TEST_TARGET_NAME = Gosio;
			};
			name = Debug;
		};
		362E73A625EAAC5200C06078 /* Release */ = {
			isa = XCBuildConfiguration;
			baseConfigurationReference = 95C71AED3DB9DBEF19B41AE2 /* Pods-Gosio-GosioUITests.release.xcconfig */;
			buildSettings = {
				ALWAYS_EMBED_SWIFT_STANDARD_LIBRARIES = YES;
				CODE_SIGN_STYLE = Automatic;
				DEVELOPMENT_TEAM = JL7UZ93S3L;
				INFOPLIST_FILE = GosioUITests/Info.plist;
				LD_RUNPATH_SEARCH_PATHS = (
					"$(inherited)",
					"@executable_path/Frameworks",
					"@loader_path/Frameworks",
				);
				PRODUCT_BUNDLE_IDENTIFIER = tdc.GosioUITests;
				PRODUCT_NAME = "$(TARGET_NAME)";
				SWIFT_VERSION = 5.0;
				TARGETED_DEVICE_FAMILY = "1,2";
				TEST_TARGET_NAME = Gosio;
			};
			name = Release;
		};
/* End XCBuildConfiguration section */

/* Begin XCConfigurationList section */
		362E736C25EAAC4E00C06078 /* Build configuration list for PBXProject "Gosio" */ = {
			isa = XCConfigurationList;
			buildConfigurations = (
				362E739C25EAAC5200C06078 /* Debug */,
				362E739D25EAAC5200C06078 /* Release */,
			);
			defaultConfigurationIsVisible = 0;
			defaultConfigurationName = Release;
		};
		362E739E25EAAC5200C06078 /* Build configuration list for PBXNativeTarget "Gosio" */ = {
			isa = XCConfigurationList;
			buildConfigurations = (
				362E739F25EAAC5200C06078 /* Debug */,
				362E73A025EAAC5200C06078 /* Release */,
			);
			defaultConfigurationIsVisible = 0;
			defaultConfigurationName = Release;
		};
		362E73A125EAAC5200C06078 /* Build configuration list for PBXNativeTarget "GosioTests" */ = {
			isa = XCConfigurationList;
			buildConfigurations = (
				362E73A225EAAC5200C06078 /* Debug */,
				362E73A325EAAC5200C06078 /* Release */,
			);
			defaultConfigurationIsVisible = 0;
			defaultConfigurationName = Release;
		};
		362E73A425EAAC5200C06078 /* Build configuration list for PBXNativeTarget "GosioUITests" */ = {
			isa = XCConfigurationList;
			buildConfigurations = (
				362E73A525EAAC5200C06078 /* Debug */,
				362E73A625EAAC5200C06078 /* Release */,
			);
			defaultConfigurationIsVisible = 0;
			defaultConfigurationName = Release;
		};
/* End XCConfigurationList section */

/* Begin XCVersionGroup section */
		362E737D25EAAC4E00C06078 /* Gosio.xcdatamodeld */ = {
			isa = XCVersionGroup;
			children = (
				362E737E25EAAC4E00C06078 /* Gosio.xcdatamodel */,
			);
			currentVersion = 362E737E25EAAC4E00C06078 /* Gosio.xcdatamodel */;
			path = Gosio.xcdatamodeld;
			sourceTree = "<group>";
			versionGroupType = wrapper.xcdatamodel;
		};
/* End XCVersionGroup section */
	};
	rootObject = 362E736925EAAC4E00C06078 /* Project object */;
}
